
Microsoft Visual Studio Solution File, Format Version 12.00
# Visual Studio Version 17
VisualStudioVersion = 17.5.33424.131
MinimumVisualStudioVersion = 10.0.40219.1
Project("{8BC9CEB8-8B4A-11D0-8D11-00A0C91BC942}") = "Class_opp_033", "Class_opp_033\Class_opp_033.vcxproj", "{399467E7-43EA-4F36-9115-A7BCFA60B54F}"
EndProject
Global
	GlobalSection(SolutionConfigurationPlatforms) = preSolution
		Debug|x64 = Debug|x64
		Debug|x86 = Debug|x86
		Release|x64 = Release|x64
		Release|x86 = Release|x86
	EndGlobalSection
	GlobalSection(ProjectConfigurationPlatforms) = postSolution
		{399467E7-43EA-4F36-9115-A7BCFA60B54F}.Debug|x64.ActiveCfg = Debug|x64
		{399467E7-43EA-4F36-9115-A7BCFA60B54F}.Debug|x64.Build.0 = Debug|x64
		{399467E7-43EA-4F36-9115-A7BCFA60B54F}.Debug|x86.ActiveCfg = Debug|Win32
		{399467E7-43EA-4F36-9115-A7BCFA60B54F}.Debug|x86.Build.0 = Debug|Win32
		{399467E7-43EA-4F36-9115-A7BCFA60B54F}.Release|x64.ActiveCfg = Release|x64
		{399467E7-43EA-4F36-9115-A7BCFA60B54F}.Release|x64.Build.0 = Release|x64
		{399467E7-43EA-4F36-9115-A7BCFA60B54F}.Release|x86.ActiveCfg = Release|Win32
		{399467E7-43EA-4F36-9115-A7BCFA60B54F}.Release|x86.Build.0 = Release|Win32
	EndGlobalSection
	GlobalSection(SolutionProperties) = preSolution
		HideSolutionNode = FALSE
	EndGlobalSection
	GlobalSection(ExtensibilityGlobals) = postSolution
		SolutionGuid = {F9001627-6B94-41B3-A06C-208C9F3E5063}
	EndGlobalSection
EndGlobal
